// !$*UTF8*$!
{
	archiveVersion = 1;
	classes = {
	};
	objectVersion = 56;
	objects = {

/* Begin PBXBuildFile section */
		F51B962C2B694B51005C476C /* my_statApp.swift in Sources */ = {isa = PBXBuildFile; fileRef = F51B962B2B694B51005C476C /* my_statApp.swift */; };
		F51B962E2B694B51005C476C /* ContentView.swift in Sources */ = {isa = PBXBuildFile; fileRef = F51B962D2B694B51005C476C /* ContentView.swift */; };
		F51B96302B694B52005C476C /* Assets.xcassets in Resources */ = {isa = PBXBuildFile; fileRef = F51B962F2B694B52005C476C /* Assets.xcassets */; };
		F51B96332B694B52005C476C /* Preview Assets.xcassets in Resources */ = {isa = PBXBuildFile; fileRef = F51B96322B694B52005C476C /* Preview Assets.xcassets */; };
		F51B96412B694C40005C476C /* WidgetKit.framework in Frameworks */ = {isa = PBXBuildFile; fileRef = F51B96402B694C40005C476C /* WidgetKit.framework */; };
		F51B96432B694C40005C476C /* SwiftUI.framework in Frameworks */ = {isa = PBXBuildFile; fileRef = F51B96422B694C40005C476C /* SwiftUI.framework */; };
		F51B96462B694C40005C476C /* m_sBundle.swift in Sources */ = {isa = PBXBuildFile; fileRef = F51B96452B694C40005C476C /* m_sBundle.swift */; };
		F51B96482B694C40005C476C /* m_s.swift in Sources */ = {isa = PBXBuildFile; fileRef = F51B96472B694C40005C476C /* m_s.swift */; };
		F51B964A2B694C41005C476C /* Assets.xcassets in Resources */ = {isa = PBXBuildFile; fileRef = F51B96492B694C41005C476C /* Assets.xcassets */; };
		F51B964F2B694C41005C476C /* m-sExtension.appex in Embed Foundation Extensions */ = {isa = PBXBuildFile; fileRef = F51B963E2B694C40005C476C /* m-sExtension.appex */; settings = {ATTRIBUTES = (RemoveHeadersOnCopy, ); }; };
/* End PBXBuildFile section */

/* Begin PBXContainerItemProxy section */
		F51B964D2B694C41005C476C /* PBXContainerItemProxy */ = {
			isa = PBXContainerItemProxy;
			containerPortal = F51B96202B694B51005C476C /* Project object */;
			proxyType = 1;
			remoteGlobalIDString = F51B963D2B694C40005C476C;
			remoteInfo = "m-sExtension";
		};
/* End PBXContainerItemProxy section */

/* Begin PBXCopyFilesBuildPhase section */
		F51B96532B694C41005C476C /* Embed Foundation Extensions */ = {
			isa = PBXCopyFilesBuildPhase;
			buildActionMask = 2147483647;
			dstPath = "";
			dstSubfolderSpec = 13;
			files = (
				F51B964F2B694C41005C476C /* m-sExtension.appex in Embed Foundation Extensions */,
			);
			name = "Embed Foundation Extensions";
			runOnlyForDeploymentPostprocessing = 0;
		};
/* End PBXCopyFilesBuildPhase section */

/* Begin PBXFileReference section */
		F51B96282B694B51005C476C /* my-stat.app */ = {isa = PBXFileReference; explicitFileType = wrapper.application; includeInIndex = 0; path = "my-stat.app"; sourceTree = BUILT_PRODUCTS_DIR; };
		F51B962B2B694B51005C476C /* my_statApp.swift */ = {isa = PBXFileReference; lastKnownFileType = sourcecode.swift; path = my_statApp.swift; sourceTree = "<group>"; };
		F51B962D2B694B51005C476C /* ContentView.swift */ = {isa = PBXFileReference; lastKnownFileType = sourcecode.swift; path = ContentView.swift; sourceTree = "<group>"; };
		F51B962F2B694B52005C476C /* Assets.xcassets */ = {isa = PBXFileReference; lastKnownFileType = folder.assetcatalog; path = Assets.xcassets; sourceTree = "<group>"; };
		F51B96322B694B52005C476C /* Preview Assets.xcassets */ = {isa = PBXFileReference; lastKnownFileType = folder.assetcatalog; path = "Preview Assets.xcassets"; sourceTree = "<group>"; };
		F51B96342B694B52005C476C /* my_stat.entitlements */ = {isa = PBXFileReference; lastKnownFileType = text.plist.entitlements; path = my_stat.entitlements; sourceTree = "<group>"; };
		F51B963E2B694C40005C476C /* m-sExtension.appex */ = {isa = PBXFileReference; explicitFileType = "wrapper.app-extension"; includeInIndex = 0; path = "m-sExtension.appex"; sourceTree = BUILT_PRODUCTS_DIR; };
		F51B96402B694C40005C476C /* WidgetKit.framework */ = {isa = PBXFileReference; lastKnownFileType = wrapper.framework; name = WidgetKit.framework; path = System/Library/Frameworks/WidgetKit.framework; sourceTree = SDKROOT; };
		F51B96422B694C40005C476C /* SwiftUI.framework */ = {isa = PBXFileReference; lastKnownFileType = wrapper.framework; name = SwiftUI.framework; path = System/Library/Frameworks/SwiftUI.framework; sourceTree = SDKROOT; };
		F51B96452B694C40005C476C /* m_sBundle.swift */ = {isa = PBXFileReference; lastKnownFileType = sourcecode.swift; path = m_sBundle.swift; sourceTree = "<group>"; };
		F51B96472B694C40005C476C /* m_s.swift */ = {isa = PBXFileReference; lastKnownFileType = sourcecode.swift; path = m_s.swift; sourceTree = "<group>"; };
		F51B96492B694C41005C476C /* Assets.xcassets */ = {isa = PBXFileReference; lastKnownFileType = folder.assetcatalog; path = Assets.xcassets; sourceTree = "<group>"; };
		F51B964B2B694C41005C476C /* Info.plist */ = {isa = PBXFileReference; lastKnownFileType = text.plist.xml; path = Info.plist; sourceTree = "<group>"; };
		F51B964C2B694C41005C476C /* m_s.entitlements */ = {isa = PBXFileReference; lastKnownFileType = text.plist.entitlements; path = m_s.entitlements; sourceTree = "<group>"; };
/* End PBXFileReference section */

/* Begin PBXFrameworksBuildPhase section */
		F51B96252B694B51005C476C /* Frameworks */ = {
			isa = PBXFrameworksBuildPhase;
			buildActionMask = 2147483647;
			files = (
			);
			runOnlyForDeploymentPostprocessing = 0;
		};
		F51B963B2B694C40005C476C /* Frameworks */ = {
			isa = PBXFrameworksBuildPhase;
			buildActionMask = 2147483647;
			files = (
				F51B96432B694C40005C476C /* SwiftUI.framework in Frameworks */,
				F51B96412B694C40005C476C /* WidgetKit.framework in Frameworks */,
			);
			runOnlyForDeploymentPostprocessing = 0;
		};
/* End PBXFrameworksBuildPhase section */

/* Begin PBXGroup section */
		F51B961F2B694B51005C476C = {
			isa = PBXGroup;
			children = (
				F51B962A2B694B51005C476C /* my-stat */,
				F51B96442B694C40005C476C /* m-s */,
				F51B963F2B694C40005C476C /* Frameworks */,
				F51B96292B694B51005C476C /* Products */,
			);
			sourceTree = "<group>";
		};
		F51B96292B694B51005C476C /* Products */ = {
			isa = PBXGroup;
			children = (
				F51B96282B694B51005C476C /* my-stat.app */,
				F51B963E2B694C40005C476C /* m-sExtension.appex */,
			);
			name = Products;
			sourceTree = "<group>";
		};
		F51B962A2B694B51005C476C /* my-stat */ = {
			isa = PBXGroup;
			children = (
				F51B962B2B694B51005C476C /* my_statApp.swift */,
				F51B962D2B694B51005C476C /* ContentView.swift */,
				F51B962F2B694B52005C476C /* Assets.xcassets */,
				F51B96342B694B52005C476C /* my_stat.entitlements */,
				F51B96312B694B52005C476C /* Preview Content */,
			);
			path = "my-stat";
			sourceTree = "<group>";
		};
		F51B96312B694B52005C476C /* Preview Content */ = {
			isa = PBXGroup;
			children = (
				F51B96322B694B52005C476C /* Preview Assets.xcassets */,
			);
			path = "Preview Content";
			sourceTree = "<group>";
		};
		F51B963F2B694C40005C476C /* Frameworks */ = {
			isa = PBXGroup;
			children = (
				F51B96402B694C40005C476C /* WidgetKit.framework */,
				F51B96422B694C40005C476C /* SwiftUI.framework */,
			);
			name = Frameworks;
			sourceTree = "<group>";
		};
		F51B96442B694C40005C476C /* m-s */ = {
			isa = PBXGroup;
			children = (
				F51B96452B694C40005C476C /* m_sBundle.swift */,
				F51B96472B694C40005C476C /* m_s.swift */,
				F51B96492B694C41005C476C /* Assets.xcassets */,
				F51B964B2B694C41005C476C /* Info.plist */,
				F51B964C2B694C41005C476C /* m_s.entitlements */,
			);
			path = "m-s";
			sourceTree = "<group>";
		};
/* End PBXGroup section */

/* Begin PBXNativeTarget section */
		F51B96272B694B51005C476C /* my-stat */ = {
			isa = PBXNativeTarget;
			buildConfigurationList = F51B96372B694B52005C476C /* Build configuration list for PBXNativeTarget "my-stat" */;
			buildPhases = (
				F51B96242B694B51005C476C /* Sources */,
				F51B96252B694B51005C476C /* Frameworks */,
				F51B96262B694B51005C476C /* Resources */,
				F51B96532B694C41005C476C /* Embed Foundation Extensions */,
			);
			buildRules = (
			);
			dependencies = (
				F51B964E2B694C41005C476C /* PBXTargetDependency */,
			);
			name = "my-stat";
			productName = "my-stat";
			productReference = F51B96282B694B51005C476C /* my-stat.app */;
			productType = "com.apple.product-type.application";
		};
		F51B963D2B694C40005C476C /* m-sExtension */ = {
			isa = PBXNativeTarget;
			buildConfigurationList = F51B96502B694C41005C476C /* Build configuration list for PBXNativeTarget "m-sExtension" */;
			buildPhases = (
				F51B963A2B694C40005C476C /* Sources */,
				F51B963B2B694C40005C476C /* Frameworks */,
				F51B963C2B694C40005C476C /* Resources */,
			);
			buildRules = (
			);
			dependencies = (
			);
			name = "m-sExtension";
			productName = "m-sExtension";
			productReference = F51B963E2B694C40005C476C /* m-sExtension.appex */;
			productType = "com.apple.product-type.app-extension";
		};
/* End PBXNativeTarget section */

/* Begin PBXProject section */
		F51B96202B694B51005C476C /* Project object */ = {
			isa = PBXProject;
			attributes = {
				BuildIndependentTargetsInParallel = 1;
				LastSwiftUpdateCheck = 1520;
				LastUpgradeCheck = 1520;
				TargetAttributes = {
					F51B96272B694B51005C476C = {
						CreatedOnToolsVersion = 15.2;
					};
					F51B963D2B694C40005C476C = {
						CreatedOnToolsVersion = 15.2;
					};
				};
			};
			buildConfigurationList = F51B96232B694B51005C476C /* Build configuration list for PBXProject "my-stat" */;
			compatibilityVersion = "Xcode 14.0";
			developmentRegion = en;
			hasScannedForEncodings = 0;
			knownRegions = (
				en,
				Base,
			);
			mainGroup = F51B961F2B694B51005C476C;
			productRefGroup = F51B96292B694B51005C476C /* Products */;
			projectDirPath = "";
			projectRoot = "";
			targets = (
				F51B96272B694B51005C476C /* my-stat */,
				F51B963D2B694C40005C476C /* m-sExtension */,
			);
		};
/* End PBXProject section */

/* Begin PBXResourcesBuildPhase section */
		F51B96262B694B51005C476C /* Resources */ = {
			isa = PBXResourcesBuildPhase;
			buildActionMask = 2147483647;
			files = (
				F51B96332B694B52005C476C /* Preview Assets.xcassets in Resources */,
				F51B96302B694B52005C476C /* Assets.xcassets in Resources */,
			);
			runOnlyForDeploymentPostprocessing = 0;
		};
		F51B963C2B694C40005C476C /* Resources */ = {
			isa = PBXResourcesBuildPhase;
			buildActionMask = 2147483647;
			files = (
				F51B964A2B694C41005C476C /* Assets.xcassets in Resources */,
			);
			runOnlyForDeploymentPostprocessing = 0;
		};
/* End PBXResourcesBuildPhase section */

/* Begin PBXSourcesBuildPhase section */
		F51B96242B694B51005C476C /* Sources */ = {
			isa = PBXSourcesBuildPhase;
			buildActionMask = 2147483647;
			files = (
				F51B962E2B694B51005C476C /* ContentView.swift in Sources */,
				F51B962C2B694B51005C476C /* my_statApp.swift in Sources */,
			);
			runOnlyForDeploymentPostprocessing = 0;
		};
		F51B963A2B694C40005C476C /* Sources */ = {
			isa = PBXSourcesBuildPhase;
			buildActionMask = 2147483647;
			files = (
				F51B96462B694C40005C476C /* m_sBundle.swift in Sources */,
				F51B96482B694C40005C476C /* m_s.swift in Sources */,
			);
			runOnlyForDeploymentPostprocessing = 0;
		};
/* End PBXSourcesBuildPhase section */

/* Begin PBXTargetDependency section */
		F51B964E2B694C41005C476C /* PBXTargetDependency */ = {
			isa = PBXTargetDependency;
			target = F51B963D2B694C40005C476C /* m-sExtension */;
			targetProxy = F51B964D2B694C41005C476C /* PBXContainerItemProxy */;
		};
/* End PBXTargetDependency section */

/* Begin XCBuildConfiguration section */
		F51B96352B694B52005C476C /* Debug */ = {
			isa = XCBuildConfiguration;
			buildSettings = {
				ALWAYS_SEARCH_USER_PATHS = NO;
				ASSETCATALOG_COMPILER_GENERATE_SWIFT_ASSET_SYMBOL_EXTENSIONS = YES;
				CLANG_ANALYZER_NONNULL = YES;
				CLANG_ANALYZER_NUMBER_OBJECT_CONVERSION = YES_AGGRESSIVE;
				CLANG_CXX_LANGUAGE_STANDARD = "gnu++20";
				CLANG_ENABLE_MODULES = YES;
				CLANG_ENABLE_OBJC_ARC = YES;
				CLANG_ENABLE_OBJC_WEAK = YES;
				CLANG_WARN_BLOCK_CAPTURE_AUTORELEASING = YES;
				CLANG_WARN_BOOL_CONVERSION = YES;
				CLANG_WARN_COMMA = YES;
				CLANG_WARN_CONSTANT_CONVERSION = YES;
				CLANG_WARN_DEPRECATED_OBJC_IMPLEMENTATIONS = YES;
				CLANG_WARN_DIRECT_OBJC_ISA_USAGE = YES_ERROR;
				CLANG_WARN_DOCUMENTATION_COMMENTS = YES;
				CLANG_WARN_EMPTY_BODY = YES;
				CLANG_WARN_ENUM_CONVERSION = YES;
				CLANG_WARN_INFINITE_RECURSION = YES;
				CLANG_WARN_INT_CONVERSION = YES;
				CLANG_WARN_NON_LITERAL_NULL_CONVERSION = YES;
				CLANG_WARN_OBJC_IMPLICIT_RETAIN_SELF = YES;
				CLANG_WARN_OBJC_LITERAL_CONVERSION = YES;
				CLANG_WARN_OBJC_ROOT_CLASS = YES_ERROR;
				CLANG_WARN_QUOTED_INCLUDE_IN_FRAMEWORK_HEADER = YES;
				CLANG_WARN_RANGE_LOOP_ANALYSIS = YES;
				CLANG_WARN_STRICT_PROTOTYPES = YES;
				CLANG_WARN_SUSPICIOUS_MOVE = YES;
				CLANG_WARN_UNGUARDED_AVAILABILITY = YES_AGGRESSIVE;
				CLANG_WARN_UNREACHABLE_CODE = YES;
				CLANG_WARN__DUPLICATE_METHOD_MATCH = YES;
				COPY_PHASE_STRIP = NO;
				DEBUG_INFORMATION_FORMAT = dwarf;
				ENABLE_STRICT_OBJC_MSGSEND = YES;
				ENABLE_TESTABILITY = YES;
				ENABLE_USER_SCRIPT_SANDBOXING = YES;
				GCC_C_LANGUAGE_STANDARD = gnu17;
				GCC_DYNAMIC_NO_PIC = NO;
				GCC_NO_COMMON_BLOCKS = YES;
				GCC_OPTIMIZATION_LEVEL = 0;
				GCC_PREPROCESSOR_DEFINITIONS = (
					"DEBUG=1",
					"$(inherited)",
				);
				GCC_WARN_64_TO_32_BIT_CONVERSION = YES;
				GCC_WARN_ABOUT_RETURN_TYPE = YES_ERROR;
				GCC_WARN_UNDECLARED_SELECTOR = YES;
				GCC_WARN_UNINITIALIZED_AUTOS = YES_AGGRESSIVE;
				GCC_WARN_UNUSED_FUNCTION = YES;
				GCC_WARN_UNUSED_VARIABLE = YES;
				LOCALIZATION_PREFERS_STRING_CATALOGS = YES;
				MACOSX_DEPLOYMENT_TARGET = 14.2;
				MTL_ENABLE_DEBUG_INFO = INCLUDE_SOURCE;
				MTL_FAST_MATH = YES;
				ONLY_ACTIVE_ARCH = YES;
				SDKROOT = macosx;
				SWIFT_ACTIVE_COMPILATION_CONDITIONS = "DEBUG $(inherited)";
				SWIFT_OPTIMIZATION_LEVEL = "-Onone";
			};
			name = Debug;
		};
		F51B96362B694B52005C476C /* Release */ = {
			isa = XCBuildConfiguration;
			buildSettings = {
				ALWAYS_SEARCH_USER_PATHS = NO;
				ASSETCATALOG_COMPILER_GENERATE_SWIFT_ASSET_SYMBOL_EXTENSIONS = YES;
				CLANG_ANALYZER_NONNULL = YES;
				CLANG_ANALYZER_NUMBER_OBJECT_CONVERSION = YES_AGGRESSIVE;
				CLANG_CXX_LANGUAGE_STANDARD = "gnu++20";
				CLANG_ENABLE_MODULES = YES;
				CLANG_ENABLE_OBJC_ARC = YES;
				CLANG_ENABLE_OBJC_WEAK = YES;
				CLANG_WARN_BLOCK_CAPTURE_AUTORELEASING = YES;
				CLANG_WARN_BOOL_CONVERSION = YES;
				CLANG_WARN_COMMA = YES;
				CLANG_WARN_CONSTANT_CONVERSION = YES;
				CLANG_WARN_DEPRECATED_OBJC_IMPLEMENTATIONS = YES;
				CLANG_WARN_DIRECT_OBJC_ISA_USAGE = YES_ERROR;
				CLANG_WARN_DOCUMENTATION_COMMENTS = YES;
				CLANG_WARN_EMPTY_BODY = YES;
				CLANG_WARN_ENUM_CONVERSION = YES;
				CLANG_WARN_INFINITE_RECURSION = YES;
				CLANG_WARN_INT_CONVERSION = YES;
				CLANG_WARN_NON_LITERAL_NULL_CONVERSION = YES;
				CLANG_WARN_OBJC_IMPLICIT_RETAIN_SELF = YES;
				CLANG_WARN_OBJC_LITERAL_CONVERSION = YES;
				CLANG_WARN_OBJC_ROOT_CLASS = YES_ERROR;
				CLANG_WARN_QUOTED_INCLUDE_IN_FRAMEWORK_HEADER = YES;
				CLANG_WARN_RANGE_LOOP_ANALYSIS = YES;
				CLANG_WARN_STRICT_PROTOTYPES = YES;
				CLANG_WARN_SUSPICIOUS_MOVE = YES;
				CLANG_WARN_UNGUARDED_AVAILABILITY = YES_AGGRESSIVE;
				CLANG_WARN_UNREACHABLE_CODE = YES;
				CLANG_WARN__DUPLICATE_METHOD_MATCH = YES;
				COPY_PHASE_STRIP = NO;
				DEBUG_INFORMATION_FORMAT = "dwarf-with-dsym";
				ENABLE_NS_ASSERTIONS = NO;
				ENABLE_STRICT_OBJC_MSGSEND = YES;
				ENABLE_USER_SCRIPT_SANDBOXING = YES;
				GCC_C_LANGUAGE_STANDARD = gnu17;
				GCC_NO_COMMON_BLOCKS = YES;
				GCC_WARN_64_TO_32_BIT_CONVERSION = YES;
				GCC_WARN_ABOUT_RETURN_TYPE = YES_ERROR;
				GCC_WARN_UNDECLARED_SELECTOR = YES;
				GCC_WARN_UNINITIALIZED_AUTOS = YES_AGGRESSIVE;
				GCC_WARN_UNUSED_FUNCTION = YES;
				GCC_WARN_UNUSED_VARIABLE = YES;
				LOCALIZATION_PREFERS_STRING_CATALOGS = YES;
				MACOSX_DEPLOYMENT_TARGET = 14.2;
				MTL_ENABLE_DEBUG_INFO = NO;
				MTL_FAST_MATH = YES;
				SDKROOT = macosx;
				SWIFT_COMPILATION_MODE = wholemodule;
			};
			name = Release;
		};
		F51B96382B694B52005C476C /* Debug */ = {
			isa = XCBuildConfiguration;
			buildSettings = {
				ALWAYS_EMBED_SWIFT_STANDARD_LIBRARIES = YES;
				ASSETCATALOG_COMPILER_APPICON_NAME = AppIcon;
				ASSETCATALOG_COMPILER_GLOBAL_ACCENT_COLOR_NAME = AccentColor;
				CODE_SIGN_ENTITLEMENTS = "my-stat/my_stat.entitlements";
				"CODE_SIGN_IDENTITY[sdk=macosx*]" = "-";
				CODE_SIGN_STYLE = Automatic;
				COMBINE_HIDPI_IMAGES = YES;
				CURRENT_PROJECT_VERSION = 1;
				DEVELOPMENT_ASSET_PATHS = "\"my-stat/Preview Content\"";
				DEVELOPMENT_TEAM = QZR836M7V3;
				ENABLE_HARDENED_RUNTIME = YES;
				ENABLE_PREVIEWS = YES;
				GENERATE_INFOPLIST_FILE = YES;
				INFOPLIST_KEY_NSHumanReadableCopyright = "";
				LD_RUNPATH_SEARCH_PATHS = (
					"$(inherited)",
					"@executable_path/../Frameworks",
				);
				MARKETING_VERSION = 1.0;
				PRODUCT_BUNDLE_IDENTIFIER = "zhangzhuang.my-stat";
				PRODUCT_NAME = "$(TARGET_NAME)";
				SWIFT_EMIT_LOC_STRINGS = YES;
				SWIFT_VERSION = 5.0;
			};
			name = Debug;
		};
		F51B96392B694B52005C476C /* Release */ = {
			isa = XCBuildConfiguration;
			buildSettings = {
				ALWAYS_EMBED_SWIFT_STANDARD_LIBRARIES = YES;
				ASSETCATALOG_COMPILER_APPICON_NAME = AppIcon;
				ASSETCATALOG_COMPILER_GLOBAL_ACCENT_COLOR_NAME = AccentColor;
				CODE_SIGN_ENTITLEMENTS = "my-stat/my_stat.entitlements";
				"CODE_SIGN_IDENTITY[sdk=macosx*]" = "-";
				CODE_SIGN_STYLE = Automatic;
				COMBINE_HIDPI_IMAGES = YES;
				CURRENT_PROJECT_VERSION = 1;
				DEVELOPMENT_ASSET_PATHS = "\"my-stat/Preview Content\"";
				DEVELOPMENT_TEAM = QZR836M7V3;
				ENABLE_HARDENED_RUNTIME = YES;
				ENABLE_PREVIEWS = YES;
				GENERATE_INFOPLIST_FILE = YES;
				INFOPLIST_KEY_NSHumanReadableCopyright = "";
				LD_RUNPATH_SEARCH_PATHS = (
					"$(inherited)",
					"@executable_path/../Frameworks",
				);
				MARKETING_VERSION = 1.0;
				PRODUCT_BUNDLE_IDENTIFIER = "zhangzhuang.my-stat";
				PRODUCT_NAME = "$(TARGET_NAME)";
				SWIFT_EMIT_LOC_STRINGS = YES;
				SWIFT_VERSION = 5.0;
			};
			name = Release;
		};
		F51B96512B694C41005C476C /* Debug */ = {
			isa = XCBuildConfiguration;
			buildSettings = {
				ASSETCATALOG_COMPILER_GLOBAL_ACCENT_COLOR_NAME = AccentColor;
				ASSETCATALOG_COMPILER_WIDGET_BACKGROUND_COLOR_NAME = WidgetBackground;
				CODE_SIGN_ENTITLEMENTS = "m-s/m_s.entitlements";
				"CODE_SIGN_IDENTITY[sdk=macosx*]" = "-";
				CODE_SIGN_STYLE = Automatic;
				CURRENT_PROJECT_VERSION = 1;
				DEVELOPMENT_TEAM = QZR836M7V3;
				ENABLE_HARDENED_RUNTIME = YES;
				GENERATE_INFOPLIST_FILE = YES;
				INFOPLIST_FILE = "m-s/Info.plist";
				INFOPLIST_KEY_CFBundleDisplayName = "m-s";
				INFOPLIST_KEY_NSHumanReadableCopyright = "";
				LD_RUNPATH_SEARCH_PATHS = (
					"$(inherited)",
					"@executable_path/../Frameworks",
					"@executable_path/../../../../Frameworks",
				);
				MARKETING_VERSION = 1.0;
				PRODUCT_BUNDLE_IDENTIFIER = "zhangzhuang.my-stat.m-s";
				PRODUCT_NAME = "$(TARGET_NAME)";
				SKIP_INSTALL = YES;
				SWIFT_EMIT_LOC_STRINGS = YES;
				SWIFT_VERSION = 5.0;
			};
			name = Debug;
		};
		F51B96522B694C41005C476C /* Release */ = {
			isa = XCBuildConfiguration;
			buildSettings = {
				ASSETCATALOG_COMPILER_GLOBAL_ACCENT_COLOR_NAME = AccentColor;
				ASSETCATALOG_COMPILER_WIDGET_BACKGROUND_COLOR_NAME = WidgetBackground;
				CODE_SIGN_ENTITLEMENTS = "m-s/m_s.entitlements";
				"CODE_SIGN_IDENTITY[sdk=macosx*]" = "-";
				CODE_SIGN_STYLE = Automatic;
				CURRENT_PROJECT_VERSION = 1;
				DEVELOPMENT_TEAM = QZR836M7V3;
				ENABLE_HARDENED_RUNTIME = YES;
				GENERATE_INFOPLIST_FILE = YES;
				INFOPLIST_FILE = "m-s/Info.plist";
				INFOPLIST_KEY_CFBundleDisplayName = "m-s";
				INFOPLIST_KEY_NSHumanReadableCopyright = "";
				LD_RUNPATH_SEARCH_PATHS = (
					"$(inherited)",
					"@executable_path/../Frameworks",
					"@executable_path/../../../../Frameworks",
				);
				MARKETING_VERSION = 1.0;
				PRODUCT_BUNDLE_IDENTIFIER = "zhangzhuang.my-stat.m-s";
				PRODUCT_NAME = "$(TARGET_NAME)";
				SKIP_INSTALL = YES;
				SWIFT_EMIT_LOC_STRINGS = YES;
				SWIFT_VERSION = 5.0;
			};
			name = Release;
		};
/* End XCBuildConfiguration section */

/* Begin XCConfigurationList section */
		F51B96232B694B51005C476C /* Build configuration list for PBXProject "my-stat" */ = {
			isa = XCConfigurationList;
			buildConfigurations = (
				F51B96352B694B52005C476C /* Debug */,
				F51B96362B694B52005C476C /* Release */,
			);
			defaultConfigurationIsVisible = 0;
			defaultConfigurationName = Release;
		};
		F51B96372B694B52005C476C /* Build configuration list for PBXNativeTarget "my-stat" */ = {
			isa = XCConfigurationList;
			buildConfigurations = (
				F51B96382B694B52005C476C /* Debug */,
				F51B96392B694B52005C476C /* Release */,
			);
			defaultConfigurationIsVisible = 0;
			defaultConfigurationName = Release;
		};
		F51B96502B694C41005C476C /* Build configuration list for PBXNativeTarget "m-sExtension" */ = {
			isa = XCConfigurationList;
			buildConfigurations = (
				F51B96512B694C41005C476C /* Debug */,
				F51B96522B694C41005C476C /* Release */,
			);
			defaultConfigurationIsVisible = 0;
			defaultConfigurationName = Release;
		};
/* End XCConfigurationList section */
	};
	rootObject = F51B96202B694B51005C476C /* Project object */;
}
